
Microsoft Visual Studio Solution File, Format Version 12.00
# Visual Studio Version 17
VisualStudioVersion = 17.1.32421.90
MinimumVisualStudioVersion = 10.0.40219.1
Project("{9A19103F-16F7-4668-BE54-9A1E7A4F7556}") = "OutOfHome.DataProviders.Boards.Grids.Downloader", "OutOfHome.DataProviders.Boards.Grids.Downloader\OutOfHome.DataProviders.Boards.Grids.Downloader.csproj", "{8A0AA3A2-9995-4D5B-9EF5-7E48D344153F}"
EndProject
Global
	GlobalSection(SolutionConfigurationPlatforms) = preSolution
		Debug|Any CPU = Debug|Any CPU
		Release|Any CPU = Release|Any CPU
	EndGlobalSection
	GlobalSection(ProjectConfigurationPlatforms) = postSolution
		{8A0AA3A2-9995-4D5B-9EF5-7E48D344153F}.Debug|Any CPU.ActiveCfg = Debug|Any CPU
		{8A0AA3A2-9995-4D5B-9EF5-7E48D344153F}.Debug|Any CPU.Build.0 = Debug|Any CPU
		{8A0AA3A2-9995-4D5B-9EF5-7E48D344153F}.Release|Any CPU.ActiveCfg = Release|Any CPU
		{8A0AA3A2-9995-4D5B-9EF5-7E48D344153F}.Release|Any CPU.Build.0 = Release|Any CPU
	EndGlobalSection
	GlobalSection(SolutionProperties) = preSolution
		HideSolutionNode = FALSE
	EndGlobalSection
	GlobalSection(ExtensibilityGlobals) = postSolution
		SolutionGuid = {B7EF85D2-2E96-4EBD-B736-95D3C4F329DB}
	EndGlobalSection
EndGlobal
